
Microsoft Visual Studio Solution File, Format Version 12.00
# Visual Studio Version 16
VisualStudioVersion = 16.0.30711.63
MinimumVisualStudioVersion = 10.0.40219.1
Project("{8BC9CEB8-8B4A-11D0-8D11-00A0C91BC942}") = "GGM-VIS", "GGM-VIS\GGM-VIS.vcxproj", "{9638D052-6731-4E6E-8924-F4B17921D502}"
EndProject
Global
	GlobalSection(SolutionConfigurationPlatforms) = preSolution
		Debug|x64 = Debug|x64
		Debug|x86 = Debug|x86
		Release|x64 = Release|x64
		Release|x86 = Release|x86
	EndGlobalSection
	GlobalSection(ProjectConfigurationPlatforms) = postSolution
		{9638D052-6731-4E6E-8924-F4B17921D502}.Debug|x64.ActiveCfg = Debug|x64
		{9638D052-6731-4E6E-8924-F4B17921D502}.Debug|x64.Build.0 = Debug|x64
		{9638D052-6731-4E6E-8924-F4B17921D502}.Debug|x86.ActiveCfg = Debug|Win32
		{9638D052-6731-4E6E-8924-F4B17921D502}.Debug|x86.Build.0 = Debug|Win32
		{9638D052-6731-4E6E-8924-F4B17921D502}.Release|x64.ActiveCfg = Release|x64
		{9638D052-6731-4E6E-8924-F4B17921D502}.Release|x64.Build.0 = Release|x64
		{9638D052-6731-4E6E-8924-F4B17921D502}.Release|x86.ActiveCfg = Release|Win32
		{9638D052-6731-4E6E-8924-F4B17921D502}.Release|x86.Build.0 = Release|Win32
	EndGlobalSection
	GlobalSection(SolutionProperties) = preSolution
		HideSolutionNode = FALSE
	EndGlobalSection
	GlobalSection(ExtensibilityGlobals) = postSolution
		SolutionGuid = {1E21EC24-A36F-42CD-B075-C6717594DCE8}
	EndGlobalSection
EndGlobal
